
Microsoft Visual Studio Solution File, Format Version 12.00
# Visual Studio 2013
VisualStudioVersion = 12.0.30501.0
MinimumVisualStudioVersion = 10.0.40219.1
Project("{FAE04EC0-301F-11D3-BF4B-00C04F79EFBC}") = "1DV402.S2.L02A", "1DV402.S2.L02A\1DV402.S2.L02A.csproj", "{A6F1F74A-7B6E-4AEB-BE6F-72E535575822}"
EndProject
Global
	GlobalSection(SolutionConfigurationPlatforms) = preSolution
		Debug|Any CPU = Debug|Any CPU
		Release|Any CPU = Release|Any CPU
	EndGlobalSection
	GlobalSection(ProjectConfigurationPlatforms) = postSolution
		{A6F1F74A-7B6E-4AEB-BE6F-72E535575822}.Debug|Any CPU.ActiveCfg = Debug|Any CPU
		{A6F1F74A-7B6E-4AEB-BE6F-72E535575822}.Debug|Any CPU.Build.0 = Debug|Any CPU
		{A6F1F74A-7B6E-4AEB-BE6F-72E535575822}.Release|Any CPU.ActiveCfg = Release|Any CPU
		{A6F1F74A-7B6E-4AEB-BE6F-72E535575822}.Release|Any CPU.Build.0 = Release|Any CPU
	EndGlobalSection
	GlobalSection(SolutionProperties) = preSolution
		HideSolutionNode = FALSE
	EndGlobalSection
EndGlobal
